
Microsoft Visual Studio Solution File, Format Version 12.00
# Visual Studio 15
VisualStudioVersion = 15.0.28307.489
MinimumVisualStudioVersion = 10.0.40219.1
Project("{FAE04EC0-301F-11D3-BF4B-00C04F79EFBC}") = "154logFile", "154logFile\154logFile.csproj", "{FBF41030-72E6-4AB5-A40E-558BC8B3A814}"
EndProject
Global
	GlobalSection(SolutionConfigurationPlatforms) = preSolution
		Debug|Any CPU = Debug|Any CPU
		Release|Any CPU = Release|Any CPU
	EndGlobalSection
	GlobalSection(ProjectConfigurationPlatforms) = postSolution
		{FBF41030-72E6-4AB5-A40E-558BC8B3A814}.Debug|Any CPU.ActiveCfg = Debug|Any CPU
		{FBF41030-72E6-4AB5-A40E-558BC8B3A814}.Debug|Any CPU.Build.0 = Debug|Any CPU
		{FBF41030-72E6-4AB5-A40E-558BC8B3A814}.Release|Any CPU.ActiveCfg = Release|Any CPU
		{FBF41030-72E6-4AB5-A40E-558BC8B3A814}.Release|Any CPU.Build.0 = Release|Any CPU
	EndGlobalSection
	GlobalSection(SolutionProperties) = preSolution
		HideSolutionNode = FALSE
	EndGlobalSection
	GlobalSection(ExtensibilityGlobals) = postSolution
		SolutionGuid = {1F61FB52-A38D-4C04-8600-00D3C2527F80}
	EndGlobalSection
EndGlobal
