
Microsoft Visual Studio Solution File, Format Version 12.00
# Visual Studio 15
VisualStudioVersion = 15.0.28307.489
MinimumVisualStudioVersion = 10.0.40219.1
Project("{FAE04EC0-301F-11D3-BF4B-00C04F79EFBC}") = "ClassMethods", "ClassMethods\ClassMethods.csproj", "{6CBDEFB5-F7F5-46A8-9EFD-199E528E0A24}"
EndProject
Global
	GlobalSection(SolutionConfigurationPlatforms) = preSolution
		Debug|Any CPU = Debug|Any CPU
		Release|Any CPU = Release|Any CPU
	EndGlobalSection
	GlobalSection(ProjectConfigurationPlatforms) = postSolution
		{6CBDEFB5-F7F5-46A8-9EFD-199E528E0A24}.Debug|Any CPU.ActiveCfg = Debug|Any CPU
		{6CBDEFB5-F7F5-46A8-9EFD-199E528E0A24}.Debug|Any CPU.Build.0 = Debug|Any CPU
		{6CBDEFB5-F7F5-46A8-9EFD-199E528E0A24}.Release|Any CPU.ActiveCfg = Release|Any CPU
		{6CBDEFB5-F7F5-46A8-9EFD-199E528E0A24}.Release|Any CPU.Build.0 = Release|Any CPU
	EndGlobalSection
	GlobalSection(SolutionProperties) = preSolution
		HideSolutionNode = FALSE
	EndGlobalSection
	GlobalSection(ExtensibilityGlobals) = postSolution
		SolutionGuid = {56D06E37-6C4F-43A5-AD8D-3C0F7C0C7CCD}
	EndGlobalSection
EndGlobal
