
Microsoft Visual Studio Solution File, Format Version 12.00
# Visual Studio 15
VisualStudioVersion = 15.0.28307.489
MinimumVisualStudioVersion = 10.0.40219.1
Project("{FAE04EC0-301F-11D3-BF4B-00C04F79EFBC}") = "classesObjects", "classesObjects\classesObjects.csproj", "{A412D37B-1B91-4872-9E97-EB8CD8FFBB90}"
EndProject
Global
	GlobalSection(SolutionConfigurationPlatforms) = preSolution
		Debug|Any CPU = Debug|Any CPU
		Release|Any CPU = Release|Any CPU
	EndGlobalSection
	GlobalSection(ProjectConfigurationPlatforms) = postSolution
		{A412D37B-1B91-4872-9E97-EB8CD8FFBB90}.Debug|Any CPU.ActiveCfg = Debug|Any CPU
		{A412D37B-1B91-4872-9E97-EB8CD8FFBB90}.Debug|Any CPU.Build.0 = Debug|Any CPU
		{A412D37B-1B91-4872-9E97-EB8CD8FFBB90}.Release|Any CPU.ActiveCfg = Release|Any CPU
		{A412D37B-1B91-4872-9E97-EB8CD8FFBB90}.Release|Any CPU.Build.0 = Release|Any CPU
	EndGlobalSection
	GlobalSection(SolutionProperties) = preSolution
		HideSolutionNode = FALSE
	EndGlobalSection
	GlobalSection(ExtensibilityGlobals) = postSolution
		SolutionGuid = {2529DB1B-DC2B-459E-90FC-F0AC8523913F}
	EndGlobalSection
EndGlobal
