
Microsoft Visual Studio Solution File, Format Version 12.00
# Visual Studio 15
VisualStudioVersion = 15.0.28307.489
MinimumVisualStudioVersion = 10.0.40219.1
Project("{FAE04EC0-301F-11D3-BF4B-00C04F79EFBC}") = "165ExceptionHandlingEx", "165ExceptionHandlingEx\165ExceptionHandlingEx.csproj", "{FE74366A-E508-4BBA-948D-FAC5BD9E81F1}"
EndProject
Global
	GlobalSection(SolutionConfigurationPlatforms) = preSolution
		Debug|Any CPU = Debug|Any CPU
		Release|Any CPU = Release|Any CPU
	EndGlobalSection
	GlobalSection(ProjectConfigurationPlatforms) = postSolution
		{FE74366A-E508-4BBA-948D-FAC5BD9E81F1}.Debug|Any CPU.ActiveCfg = Debug|Any CPU
		{FE74366A-E508-4BBA-948D-FAC5BD9E81F1}.Debug|Any CPU.Build.0 = Debug|Any CPU
		{FE74366A-E508-4BBA-948D-FAC5BD9E81F1}.Release|Any CPU.ActiveCfg = Release|Any CPU
		{FE74366A-E508-4BBA-948D-FAC5BD9E81F1}.Release|Any CPU.Build.0 = Release|Any CPU
	EndGlobalSection
	GlobalSection(SolutionProperties) = preSolution
		HideSolutionNode = FALSE
	EndGlobalSection
	GlobalSection(ExtensibilityGlobals) = postSolution
		SolutionGuid = {22CAFC55-E97B-4459-ABC5-25996165CA4A}
	EndGlobalSection
EndGlobal
