
Microsoft Visual Studio Solution File, Format Version 12.00
# Visual Studio 15
VisualStudioVersion = 15.0.28307.489
MinimumVisualStudioVersion = 10.0.40219.1
Project("{FAE04EC0-301F-11D3-BF4B-00C04F79EFBC}") = "voidMethod", "voidMethod\voidMethod.csproj", "{BB89C10D-041F-4CE3-912C-0C0CF6F258FB}"
EndProject
Global
	GlobalSection(SolutionConfigurationPlatforms) = preSolution
		Debug|Any CPU = Debug|Any CPU
		Release|Any CPU = Release|Any CPU
	EndGlobalSection
	GlobalSection(ProjectConfigurationPlatforms) = postSolution
		{BB89C10D-041F-4CE3-912C-0C0CF6F258FB}.Debug|Any CPU.ActiveCfg = Debug|Any CPU
		{BB89C10D-041F-4CE3-912C-0C0CF6F258FB}.Debug|Any CPU.Build.0 = Debug|Any CPU
		{BB89C10D-041F-4CE3-912C-0C0CF6F258FB}.Release|Any CPU.ActiveCfg = Release|Any CPU
		{BB89C10D-041F-4CE3-912C-0C0CF6F258FB}.Release|Any CPU.Build.0 = Release|Any CPU
	EndGlobalSection
	GlobalSection(SolutionProperties) = preSolution
		HideSolutionNode = FALSE
	EndGlobalSection
	GlobalSection(ExtensibilityGlobals) = postSolution
		SolutionGuid = {A53A67B9-28E4-4B52-BCD8-BE1D7D16A7C4}
	EndGlobalSection
EndGlobal
